
Microsoft Visual Studio Solution File, Format Version 12.00
# Visual Studio Version 16
VisualStudioVersion = 16.0.29009.5
MinimumVisualStudioVersion = 10.0.40219.1
Project("{FAE04EC0-301F-11D3-BF4B-00C04F79EFBC}") = "Idea", "Idea.csproj", "{DB9CEC41-4FBE-4912-AC36-650C92853F31}"
EndProject
Global
	GlobalSection(SolutionConfigurationPlatforms) = preSolution
		Debug|Any CPU = Debug|Any CPU
		Release|Any CPU = Release|Any CPU
	EndGlobalSection
	GlobalSection(ProjectConfigurationPlatforms) = postSolution
		{DB9CEC41-4FBE-4912-AC36-650C92853F31}.Debug|Any CPU.ActiveCfg = Debug|Any CPU
		{DB9CEC41-4FBE-4912-AC36-650C92853F31}.Debug|Any CPU.Build.0 = Debug|Any CPU
		{DB9CEC41-4FBE-4912-AC36-650C92853F31}.Release|Any CPU.ActiveCfg = Release|Any CPU
		{DB9CEC41-4FBE-4912-AC36-650C92853F31}.Release|Any CPU.Build.0 = Release|Any CPU
	EndGlobalSection
	GlobalSection(SolutionProperties) = preSolution
		HideSolutionNode = FALSE
	EndGlobalSection
	GlobalSection(ExtensibilityGlobals) = postSolution
		SolutionGuid = {C00A242F-8A46-44EC-8DB1-892F9D39599D}
	EndGlobalSection
EndGlobal
